{
  "requires": true,
  "lockfileVersion": 1,
  "dependencies": {
    "cordova-plugin-firebase-analytics": {
      "version": "4.4.1",
      "resolved": "https://registry.npmjs.org/cordova-plugin-firebase-analytics/-/cordova-plugin-firebase-analytics-4.4.1.tgz",
      "integrity": "sha512-+n06+iz7LBPPC4HzqgEkYyCUrwAdXpzIs08c7L+PZKYU6HsMkdMXal5f94hlmJ1niX7IjUW+sqkwXQX+eoC2Vw==",
      "dev": true
    },
    "cordova-plugin-firebase-messaging": {
      "version": "4.5.0",
      "resolved": "https://registry.npmjs.org/cordova-plugin-firebase-messaging/-/cordova-plugin-firebase-messaging-4.5.0.tgz",
      "integrity": "sha512-0jZQ9Wu4SY6hFgt4M75OVXZtkF9hhXdqkTtHuzXee7ymVpsyvWoNz8CQX+5zAhdzhf4WF6+qgtqta2OdoxXAjg=="
    }
  }
}
